// !$*UTF8*$!
{
	archiveVersion = 1;
	classes = {
	};
	objectVersion = 50;
	objects = {

/* Begin PBXBuildFile section */
		112B9D3C239E2A810099B2B8 /* SettingTableViewController.swift in Sources */ = {isa = PBXBuildFile; fileRef = 112B9D3B239E2A810099B2B8 /* SettingTableViewController.swift */; };
		112B9D3E239E34B30099B2B8 /* MemberListTableViewController.swift in Sources */ = {isa = PBXBuildFile; fileRef = 112B9D3D239E34B30099B2B8 /* MemberListTableViewController.swift */; };
		118F6B60238E2BC50037369A /* AppDelegate.swift in Sources */ = {isa = PBXBuildFile; fileRef = 118F6B5F238E2BC50037369A /* AppDelegate.swift */; };
		118F6B62238E2BC50037369A /* SceneDelegate.swift in Sources */ = {isa = PBXBuildFile; fileRef = 118F6B61238E2BC50037369A /* SceneDelegate.swift */; };
		118F6B64238E2BC50037369A /* ViewController.swift in Sources */ = {isa = PBXBuildFile; fileRef = 118F6B63238E2BC50037369A /* ViewController.swift */; };
		118F6B67238E2BC50037369A /* Main.storyboard in Resources */ = {isa = PBXBuildFile; fileRef = 118F6B65238E2BC50037369A /* Main.storyboard */; };
		118F6B69238E2BC90037369A /* Assets.xcassets in Resources */ = {isa = PBXBuildFile; fileRef = 118F6B68238E2BC90037369A /* Assets.xcassets */; };
		118F6B6C238E2BC90037369A /* LaunchScreen.storyboard in Resources */ = {isa = PBXBuildFile; fileRef = 118F6B6A238E2BC90037369A /* LaunchScreen.storyboard */; };
		118F6B9423940CAB0037369A /* inputViewController.swift in Sources */ = {isa = PBXBuildFile; fileRef = 118F6B9323940CAB0037369A /* inputViewController.swift */; };
		118F6B96239756890037369A /* CellData.swift in Sources */ = {isa = PBXBuildFile; fileRef = 118F6B95239756890037369A /* CellData.swift */; };
/* End PBXBuildFile section */

/* Begin PBXFileReference section */
		112B9D3B239E2A810099B2B8 /* SettingTableViewController.swift */ = {isa = PBXFileReference; lastKnownFileType = sourcecode.swift; path = SettingTableViewController.swift; sourceTree = "<group>"; };
		112B9D3D239E34B30099B2B8 /* MemberListTableViewController.swift */ = {isa = PBXFileReference; lastKnownFileType = sourcecode.swift; path = MemberListTableViewController.swift; sourceTree = "<group>"; };
		118F6B5C238E2BC50037369A /* Collect Photo.app */ = {isa = PBXFileReference; explicitFileType = wrapper.application; includeInIndex = 0; path = "Collect Photo.app"; sourceTree = BUILT_PRODUCTS_DIR; };
		118F6B5F238E2BC50037369A /* AppDelegate.swift */ = {isa = PBXFileReference; lastKnownFileType = sourcecode.swift; path = AppDelegate.swift; sourceTree = "<group>"; };
		118F6B61238E2BC50037369A /* SceneDelegate.swift */ = {isa = PBXFileReference; lastKnownFileType = sourcecode.swift; path = SceneDelegate.swift; sourceTree = "<group>"; };
		118F6B63238E2BC50037369A /* ViewController.swift */ = {isa = PBXFileReference; lastKnownFileType = sourcecode.swift; path = ViewController.swift; sourceTree = "<group>"; };
		118F6B66238E2BC50037369A /* Base */ = {isa = PBXFileReference; lastKnownFileType = file.storyboard; name = Base; path = Base.lproj/Main.storyboard; sourceTree = "<group>"; };
		118F6B68238E2BC90037369A /* Assets.xcassets */ = {isa = PBXFileReference; lastKnownFileType = folder.assetcatalog; path = Assets.xcassets; sourceTree = "<group>"; };
		118F6B6B238E2BC90037369A /* Base */ = {isa = PBXFileReference; lastKnownFileType = file.storyboard; name = Base; path = Base.lproj/LaunchScreen.storyboard; sourceTree = "<group>"; };
		118F6B6D238E2BC90037369A /* Info.plist */ = {isa = PBXFileReference; lastKnownFileType = text.plist.xml; path = Info.plist; sourceTree = "<group>"; };
		118F6B9323940CAB0037369A /* inputViewController.swift */ = {isa = PBXFileReference; lastKnownFileType = sourcecode.swift; path = inputViewController.swift; sourceTree = "<group>"; };
		118F6B95239756890037369A /* CellData.swift */ = {isa = PBXFileReference; lastKnownFileType = sourcecode.swift; path = CellData.swift; sourceTree = "<group>"; };
/* End PBXFileReference section */

/* Begin PBXFrameworksBuildPhase section */
		118F6B59238E2BC50037369A /* Frameworks */ = {
			isa = PBXFrameworksBuildPhase;
			buildActionMask = 2147483647;
			files = (
			);
			runOnlyForDeploymentPostprocessing = 0;
		};
/* End PBXFrameworksBuildPhase section */

/* Begin PBXGroup section */
		118F6B53238E2BC50037369A = {
			isa = PBXGroup;
			children = (
				118F6B5E238E2BC50037369A /* Collect Photo */,
				118F6B5D238E2BC50037369A /* Products */,
			);
			sourceTree = "<group>";
		};
		118F6B5D238E2BC50037369A /* Products */ = {
			isa = PBXGroup;
			children = (
				118F6B5C238E2BC50037369A /* Collect Photo.app */,
			);
			name = Products;
			sourceTree = "<group>";
		};
		118F6B5E238E2BC50037369A /* Collect Photo */ = {
			isa = PBXGroup;
			children = (
				118F6B5F238E2BC50037369A /* AppDelegate.swift */,
				118F6B61238E2BC50037369A /* SceneDelegate.swift */,
				118F6B63238E2BC50037369A /* ViewController.swift */,
				118F6B9323940CAB0037369A /* inputViewController.swift */,
				112B9D3B239E2A810099B2B8 /* SettingTableViewController.swift */,
				112B9D3D239E34B30099B2B8 /* MemberListTableViewController.swift */,
				118F6B95239756890037369A /* CellData.swift */,
				118F6B65238E2BC50037369A /* Main.storyboard */,
				118F6B68238E2BC90037369A /* Assets.xcassets */,
				118F6B6A238E2BC90037369A /* LaunchScreen.storyboard */,
				118F6B6D238E2BC90037369A /* Info.plist */,
			);
			path = "Collect Photo";
			sourceTree = "<group>";
		};
/* End PBXGroup section */

/* Begin PBXNativeTarget section */
		118F6B5B238E2BC50037369A /* Collect Photo */ = {
			isa = PBXNativeTarget;
			buildConfigurationList = 118F6B70238E2BC90037369A /* Build configuration list for PBXNativeTarget "Collect Photo" */;
			buildPhases = (
				118F6B58238E2BC50037369A /* Sources */,
				118F6B59238E2BC50037369A /* Frameworks */,
				118F6B5A238E2BC50037369A /* Resources */,
			);
			buildRules = (
			);
			dependencies = (
			);
			name = "Collect Photo";
			productName = "Collect Photo";
			productReference = 118F6B5C238E2BC50037369A /* Collect Photo.app */;
			productType = "com.apple.product-type.application";
		};
/* End PBXNativeTarget section */

/* Begin PBXProject section */
		118F6B54238E2BC50037369A /* Project object */ = {
			isa = PBXProject;
			attributes = {
				LastSwiftUpdateCheck = 1120;
				LastUpgradeCheck = 1120;
				ORGANIZATIONNAME = "Hiroki Naito";
				TargetAttributes = {
					118F6B5B238E2BC50037369A = {
						CreatedOnToolsVersion = 11.2.1;
					};
				};
			};
			buildConfigurationList = 118F6B57238E2BC50037369A /* Build configuration list for PBXProject "Collect Photo" */;
			compatibilityVersion = "Xcode 9.3";
			developmentRegion = en;
			hasScannedForEncodings = 0;
			knownRegions = (
				en,
				Base,
			);
			mainGroup = 118F6B53238E2BC50037369A;
			productRefGroup = 118F6B5D238E2BC50037369A /* Products */;
			projectDirPath = "";
			projectRoot = "";
			targets = (
				118F6B5B238E2BC50037369A /* Collect Photo */,
			);
		};
/* End PBXProject section */

/* Begin PBXResourcesBuildPhase section */
		118F6B5A238E2BC50037369A /* Resources */ = {
			isa = PBXResourcesBuildPhase;
			buildActionMask = 2147483647;
			files = (
				118F6B6C238E2BC90037369A /* LaunchScreen.storyboard in Resources */,
				118F6B69238E2BC90037369A /* Assets.xcassets in Resources */,
				118F6B67238E2BC50037369A /* Main.storyboard in Resources */,
			);
			runOnlyForDeploymentPostprocessing = 0;
		};
/* End PBXResourcesBuildPhase section */

/* Begin PBXSourcesBuildPhase section */
		118F6B58238E2BC50037369A /* Sources */ = {
			isa = PBXSourcesBuildPhase;
			buildActionMask = 2147483647;
			files = (
				112B9D3C239E2A810099B2B8 /* SettingTableViewController.swift in Sources */,
				112B9D3E239E34B30099B2B8 /* MemberListTableViewController.swift in Sources */,
				118F6B64238E2BC50037369A /* ViewController.swift in Sources */,
				118F6B60238E2BC50037369A /* AppDelegate.swift in Sources */,
				118F6B62238E2BC50037369A /* SceneDelegate.swift in Sources */,
				118F6B96239756890037369A /* CellData.swift in Sources */,
				118F6B9423940CAB0037369A /* inputViewController.swift in Sources */,
			);
			runOnlyForDeploymentPostprocessing = 0;
		};
/* End PBXSourcesBuildPhase section */

/* Begin PBXVariantGroup section */
		118F6B65238E2BC50037369A /* Main.storyboard */ = {
			isa = PBXVariantGroup;
			children = (
				118F6B66238E2BC50037369A /* Base */,
			);
			name = Main.storyboard;
			sourceTree = "<group>";
		};
		118F6B6A238E2BC90037369A /* LaunchScreen.storyboard */ = {
			isa = PBXVariantGroup;
			children = (
				118F6B6B238E2BC90037369A /* Base */,
			);
			name = LaunchScreen.storyboard;
			sourceTree = "<group>";
		};
/* End PBXVariantGroup section */

/* Begin XCBuildConfiguration section */
		118F6B6E238E2BC90037369A /* Debug */ = {
			isa = XCBuildConfiguration;
			buildSettings = {
				ALWAYS_SEARCH_USER_PATHS = NO;
				CLANG_ANALYZER_NONNULL = YES;
				CLANG_ANALYZER_NUMBER_OBJECT_CONVERSION = YES_AGGRESSIVE;
				CLANG_CXX_LANGUAGE_STANDARD = "gnu++14";
				CLANG_CXX_LIBRARY = "libc++";
				CLANG_ENABLE_MODULES = YES;
				CLANG_ENABLE_OBJC_ARC = YES;
				CLANG_ENABLE_OBJC_WEAK = YES;
				CLANG_WARN_BLOCK_CAPTURE_AUTORELEASING = YES;
				CLANG_WARN_BOOL_CONVERSION = YES;
				CLANG_WARN_COMMA = YES;
				CLANG_WARN_CONSTANT_CONVERSION = YES;
				CLANG_WARN_DEPRECATED_OBJC_IMPLEMENTATIONS = YES;
				CLANG_WARN_DIRECT_OBJC_ISA_USAGE = YES_ERROR;
				CLANG_WARN_DOCUMENTATION_COMMENTS = YES;
				CLANG_WARN_EMPTY_BODY = YES;
				CLANG_WARN_ENUM_CONVERSION = YES;
				CLANG_WARN_INFINITE_RECURSION = YES;
				CLANG_WARN_INT_CONVERSION = YES;
				CLANG_WARN_NON_LITERAL_NULL_CONVERSION = YES;
				CLANG_WARN_OBJC_IMPLICIT_RETAIN_SELF = YES;
				CLANG_WARN_OBJC_LITERAL_CONVERSION = YES;
				CLANG_WARN_OBJC_ROOT_CLASS = YES_ERROR;
				CLANG_WARN_RANGE_LOOP_ANALYSIS = YES;
				CLANG_WARN_STRICT_PROTOTYPES = YES;
				CLANG_WARN_SUSPICIOUS_MOVE = YES;
				CLANG_WARN_UNGUARDED_AVAILABILITY = YES_AGGRESSIVE;
				CLANG_WARN_UNREACHABLE_CODE = YES;
				CLANG_WARN__DUPLICATE_METHOD_MATCH = YES;
				COPY_PHASE_STRIP = NO;
				DEBUG_INFORMATION_FORMAT = dwarf;
				ENABLE_STRICT_OBJC_MSGSEND = YES;
				ENABLE_TESTABILITY = YES;
				GCC_C_LANGUAGE_STANDARD = gnu11;
				GCC_DYNAMIC_NO_PIC = NO;
				GCC_NO_COMMON_BLOCKS = YES;
				GCC_OPTIMIZATION_LEVEL = 0;
				GCC_PREPROCESSOR_DEFINITIONS = (
					"DEBUG=1",
					"$(inherited)",
				);
				GCC_WARN_64_TO_32_BIT_CONVERSION = YES;
				GCC_WARN_ABOUT_RETURN_TYPE = YES_ERROR;
				GCC_WARN_UNDECLARED_SELECTOR = YES;
				GCC_WARN_UNINITIALIZED_AUTOS = YES_AGGRESSIVE;
				GCC_WARN_UNUSED_FUNCTION = YES;
				GCC_WARN_UNUSED_VARIABLE = YES;
				IPHONEOS_DEPLOYMENT_TARGET = 13.2;
				MTL_ENABLE_DEBUG_INFO = INCLUDE_SOURCE;
				MTL_FAST_MATH = YES;
				ONLY_ACTIVE_ARCH = YES;
				SDKROOT = iphoneos;
				SWIFT_ACTIVE_COMPILATION_CONDITIONS = DEBUG;
				SWIFT_OPTIMIZATION_LEVEL = "-Onone";
			};
			name = Debug;
		};
		118F6B6F238E2BC90037369A /* Release */ = {
			isa = XCBuildConfiguration;
			buildSettings = {
				ALWAYS_SEARCH_USER_PATHS = NO;
				CLANG_ANALYZER_NONNULL = YES;
				CLANG_ANALYZER_NUMBER_OBJECT_CONVERSION = YES_AGGRESSIVE;
				CLANG_CXX_LANGUAGE_STANDARD = "gnu++14";
				CLANG_CXX_LIBRARY = "libc++";
				CLANG_ENABLE_MODULES = YES;
				CLANG_ENABLE_OBJC_ARC = YES;
				CLANG_ENABLE_OBJC_WEAK = YES;
				CLANG_WARN_BLOCK_CAPTURE_AUTORELEASING = YES;
				CLANG_WARN_BOOL_CONVERSION = YES;
				CLANG_WARN_COMMA = YES;
				CLANG_WARN_CONSTANT_CONVERSION = YES;
				CLANG_WARN_DEPRECATED_OBJC_IMPLEMENTATIONS = YES;
				CLANG_WARN_DIRECT_OBJC_ISA_USAGE = YES_ERROR;
				CLANG_WARN_DOCUMENTATION_COMMENTS = YES;
				CLANG_WARN_EMPTY_BODY = YES;
				CLANG_WARN_ENUM_CONVERSION = YES;
				CLANG_WARN_INFINITE_RECURSION = YES;
				CLANG_WARN_INT_CONVERSION = YES;
				CLANG_WARN_NON_LITERAL_NULL_CONVERSION = YES;
				CLANG_WARN_OBJC_IMPLICIT_RETAIN_SELF = YES;
				CLANG_WARN_OBJC_LITERAL_CONVERSION = YES;
				CLANG_WARN_OBJC_ROOT_CLASS = YES_ERROR;
				CLANG_WARN_RANGE_LOOP_ANALYSIS = YES;
				CLANG_WARN_STRICT_PROTOTYPES = YES;
				CLANG_WARN_SUSPICIOUS_MOVE = YES;
				CLANG_WARN_UNGUARDED_AVAILABILITY = YES_AGGRESSIVE;
				CLANG_WARN_UNREACHABLE_CODE = YES;
				CLANG_WARN__DUPLICATE_METHOD_MATCH = YES;
				COPY_PHASE_STRIP = NO;
				DEBUG_INFORMATION_FORMAT = "dwarf-with-dsym";
				ENABLE_NS_ASSERTIONS = NO;
				ENABLE_STRICT_OBJC_MSGSEND = YES;
				GCC_C_LANGUAGE_STANDARD = gnu11;
				GCC_NO_COMMON_BLOCKS = YES;
				GCC_WARN_64_TO_32_BIT_CONVERSION = YES;
				GCC_WARN_ABOUT_RETURN_TYPE = YES_ERROR;
				GCC_WARN_UNDECLARED_SELECTOR = YES;
				GCC_WARN_UNINITIALIZED_AUTOS = YES_AGGRESSIVE;
				GCC_WARN_UNUSED_FUNCTION = YES;
				GCC_WARN_UNUSED_VARIABLE = YES;
				IPHONEOS_DEPLOYMENT_TARGET = 13.2;
				MTL_ENABLE_DEBUG_INFO = NO;
				MTL_FAST_MATH = YES;
				SDKROOT = iphoneos;
				SWIFT_COMPILATION_MODE = wholemodule;
				SWIFT_OPTIMIZATION_LEVEL = "-O";
				VALIDATE_PRODUCT = YES;
			};
			name = Release;
		};
		118F6B71238E2BC90037369A /* Debug */ = {
			isa = XCBuildConfiguration;
			buildSettings = {
				ASSETCATALOG_COMPILER_APPICON_NAME = AppIcon;
				CODE_SIGN_STYLE = Automatic;
				DEVELOPMENT_TEAM = PR7ZRH293C;
				INFOPLIST_FILE = "Collect Photo/Info.plist";
				LD_RUNPATH_SEARCH_PATHS = (
					"$(inherited)",
					"@executable_path/Frameworks",
				);
				PRODUCT_BUNDLE_IDENTIFIER = "com.tettere.Collect-Photo";
				PRODUCT_NAME = "$(TARGET_NAME)";
				SWIFT_VERSION = 5.0;
				TARGETED_DEVICE_FAMILY = "1,2";
			};
			name = Debug;
		};
		118F6B72238E2BC90037369A /* Release */ = {
			isa = XCBuildConfiguration;
			buildSettings = {
				ASSETCATALOG_COMPILER_APPICON_NAME = AppIcon;
				CODE_SIGN_STYLE = Automatic;
				DEVELOPMENT_TEAM = PR7ZRH293C;
				INFOPLIST_FILE = "Collect Photo/Info.plist";
				LD_RUNPATH_SEARCH_PATHS = (
					"$(inherited)",
					"@executable_path/Frameworks",
				);
				PRODUCT_BUNDLE_IDENTIFIER = "com.tettere.Collect-Photo";
				PRODUCT_NAME = "$(TARGET_NAME)";
				SWIFT_VERSION = 5.0;
				TARGETED_DEVICE_FAMILY = "1,2";
			};
			name = Release;
		};
/* End XCBuildConfiguration section */

/* Begin XCConfigurationList section */
		118F6B57238E2BC50037369A /* Build configuration list for PBXProject "Collect Photo" */ = {
			isa = XCConfigurationList;
			buildConfigurations = (
				118F6B6E238E2BC90037369A /* Debug */,
				118F6B6F238E2BC90037369A /* Release */,
			);
			defaultConfigurationIsVisible = 0;
			defaultConfigurationName = Release;
		};
		118F6B70238E2BC90037369A /* Build configuration list for PBXNativeTarget "Collect Photo" */ = {
			isa = XCConfigurationList;
			buildConfigurations = (
				118F6B71238E2BC90037369A /* Debug */,
				118F6B72238E2BC90037369A /* Release */,
			);
			defaultConfigurationIsVisible = 0;
			defaultConfigurationName = Release;
		};
/* End XCConfigurationList section */
	};
	rootObject = 118F6B54238E2BC50037369A /* Project object */;
}
